// !$*UTF8*$!
{
	archiveVersion = 1;
	classes = {
	};
	objectVersion = 77;
	objects = {

/* Begin PBXContainerItemProxy section */
		4CDED3082E5E0E790056871D /* PBXContainerItemProxy */ = {
			isa = PBXContainerItemProxy;
			containerPortal = 4CDED2F22E5E0E790056871D /* Project object */;
			proxyType = 1;
			remoteGlobalIDString = 4CDED2F92E5E0E790056871D;
			remoteInfo = TheSuperbApp;
		};
		4CDED3122E5E0E790056871D /* PBXContainerItemProxy */ = {
			isa = PBXContainerItemProxy;
			containerPortal = 4CDED2F22E5E0E790056871D /* Project object */;
			proxyType = 1;
			remoteGlobalIDString = 4CDED2F92E5E0E790056871D;
			remoteInfo = TheSuperbApp;
		};
/* End PBXContainerItemProxy section */

/* Begin PBXFileReference section */
		4CDED2FA2E5E0E790056871D /* TheSuperbApp.app */ = {isa = PBXFileReference; explicitFileType = wrapper.application; includeInIndex = 0; path = TheSuperbApp.app; sourceTree = BUILT_PRODUCTS_DIR; };
		4CDED3072E5E0E790056871D /* TheSuperbAppTests.xctest */ = {isa = PBXFileReference; explicitFileType = wrapper.cfbundle; includeInIndex = 0; path = TheSuperbAppTests.xctest; sourceTree = BUILT_PRODUCTS_DIR; };
		4CDED3112E5E0E790056871D /* TheSuperbAppUITests.xctest */ = {isa = PBXFileReference; explicitFileType = wrapper.cfbundle; includeInIndex = 0; path = TheSuperbAppUITests.xctest; sourceTree = BUILT_PRODUCTS_DIR; };
/* End PBXFileReference section */

/* Begin PBXFileSystemSynchronizedRootGroup section */
		4CDED2FC2E5E0E790056871D /* TheSuperbApp */ = {
			isa = PBXFileSystemSynchronizedRootGroup;
			path = TheSuperbApp;
			sourceTree = "<group>";
		};
		4CDED30A2E5E0E790056871D /* TheSuperbAppTests */ = {
			isa = PBXFileSystemSynchronizedRootGroup;
			path = TheSuperbAppTests;
			sourceTree = "<group>";
		};
		4CDED3142E5E0E790056871D /* TheSuperbAppUITests */ = {
			isa = PBXFileSystemSynchronizedRootGroup;
			path = TheSuperbAppUITests;
			sourceTree = "<group>";
		};
/* End PBXFileSystemSynchronizedRootGroup section */

/* Begin PBXFrameworksBuildPhase section */
		4CDED2F72E5E0E790056871D /* Frameworks */ = {
			isa = PBXFrameworksBuildPhase;
			buildActionMask = 2147483647;
			files = (
			);
			runOnlyForDeploymentPostprocessing = 0;
		};
		4CDED3042E5E0E790056871D /* Frameworks */ = {
			isa = PBXFrameworksBuildPhase;
			buildActionMask = 2147483647;
			files = (
			);
			runOnlyForDeploymentPostprocessing = 0;
		};
		4CDED30E2E5E0E790056871D /* Frameworks */ = {
			isa = PBXFrameworksBuildPhase;
			buildActionMask = 2147483647;
			files = (
			);
			runOnlyForDeploymentPostprocessing = 0;
		};
/* End PBXFrameworksBuildPhase section */

/* Begin PBXGroup section */
		4CDED2F12E5E0E790056871D = {
			isa = PBXGroup;
			children = (
				4CDED2FC2E5E0E790056871D /* TheSuperbApp */,
				4CDED30A2E5E0E790056871D /* TheSuperbAppTests */,
				4CDED3142E5E0E790056871D /* TheSuperbAppUITests */,
				4CDED2FB2E5E0E790056871D /* Products */,
			);
			sourceTree = "<group>";
		};
		4CDED2FB2E5E0E790056871D /* Products */ = {
			isa = PBXGroup;
			children = (
				4CDED2FA2E5E0E790056871D /* TheSuperbApp.app */,
				4CDED3072E5E0E790056871D /* TheSuperbAppTests.xctest */,
				4CDED3112E5E0E790056871D /* TheSuperbAppUITests.xctest */,
			);
			name = Products;
			sourceTree = "<group>";
		};
/* End PBXGroup section */

/* Begin PBXNativeTarget section */
		4CDED2F92E5E0E790056871D /* TheSuperbApp */ = {
			isa = PBXNativeTarget;
			buildConfigurationList = 4CDED31B2E5E0E790056871D /* Build configuration list for PBXNativeTarget "TheSuperbApp" */;
			buildPhases = (
				4CDED2F62E5E0E790056871D /* Sources */,
				4CDED2F72E5E0E790056871D /* Frameworks */,
				4CDED2F82E5E0E790056871D /* Resources */,
			);
			buildRules = (
			);
			dependencies = (
			);
			fileSystemSynchronizedGroups = (
				4CDED2FC2E5E0E790056871D /* TheSuperbApp */,
			);
			name = TheSuperbApp;
			packageProductDependencies = (
			);
			productName = TheSuperbApp;
			productReference = 4CDED2FA2E5E0E790056871D /* TheSuperbApp.app */;
			productType = "com.apple.product-type.application";
		};
		4CDED3062E5E0E790056871D /* TheSuperbAppTests */ = {
			isa = PBXNativeTarget;
			buildConfigurationList = 4CDED31E2E5E0E790056871D /* Build configuration list for PBXNativeTarget "TheSuperbAppTests" */;
			buildPhases = (
				4CDED3032E5E0E790056871D /* Sources */,
				4CDED3042E5E0E790056871D /* Frameworks */,
				4CDED3052E5E0E790056871D /* Resources */,
			);
			buildRules = (
			);
			dependencies = (
				4CDED3092E5E0E790056871D /* PBXTargetDependency */,
			);
			fileSystemSynchronizedGroups = (
				4CDED30A2E5E0E790056871D /* TheSuperbAppTests */,
			);
			name = TheSuperbAppTests;
			packageProductDependencies = (
			);
			productName = TheSuperbAppTests;
			productReference = 4CDED3072E5E0E790056871D /* TheSuperbAppTests.xctest */;
			productType = "com.apple.product-type.bundle.unit-test";
		};
		4CDED3102E5E0E790056871D /* TheSuperbAppUITests */ = {
			isa = PBXNativeTarget;
			buildConfigurationList = 4CDED3212E5E0E790056871D /* Build configuration list for PBXNativeTarget "TheSuperbAppUITests" */;
			buildPhases = (
				4CDED30D2E5E0E790056871D /* Sources */,
				4CDED30E2E5E0E790056871D /* Frameworks */,
				4CDED30F2E5E0E790056871D /* Resources */,
			);
			buildRules = (
			);
			dependencies = (
				4CDED3132E5E0E790056871D /* PBXTargetDependency */,
			);
			fileSystemSynchronizedGroups = (
				4CDED3142E5E0E790056871D /* TheSuperbAppUITests */,
			);
			name = TheSuperbAppUITests;
			packageProductDependencies = (
			);
			productName = TheSuperbAppUITests;
			productReference = 4CDED3112E5E0E790056871D /* TheSuperbAppUITests.xctest */;
			productType = "com.apple.product-type.bundle.ui-testing";
		};
/* End PBXNativeTarget section */

/* Begin PBXProject section */
		4CDED2F22E5E0E790056871D /* Project object */ = {
			isa = PBXProject;
			attributes = {
				BuildIndependentTargetsInParallel = 1;
				LastSwiftUpdateCheck = 1640;
				LastUpgradeCheck = 1640;
				TargetAttributes = {
					4CDED2F92E5E0E790056871D = {
						CreatedOnToolsVersion = 16.4;
					};
					4CDED3062E5E0E790056871D = {
						CreatedOnToolsVersion = 16.4;
						TestTargetID = 4CDED2F92E5E0E790056871D;
					};
					4CDED3102E5E0E790056871D = {
						CreatedOnToolsVersion = 16.4;
						TestTargetID = 4CDED2F92E5E0E790056871D;
					};
				};
			};
			buildConfigurationList = 4CDED2F52E5E0E790056871D /* Build configuration list for PBXProject "TheSuperbApp" */;
			developmentRegion = en;
			hasScannedForEncodings = 0;
			knownRegions = (
				en,
				Base,
			);
			mainGroup = 4CDED2F12E5E0E790056871D;
			minimizedProjectReferenceProxies = 1;
			preferredProjectObjectVersion = 77;
			productRefGroup = 4CDED2FB2E5E0E790056871D /* Products */;
			projectDirPath = "";
			projectRoot = "";
			targets = (
				4CDED2F92E5E0E790056871D /* TheSuperbApp */,
				4CDED3062E5E0E790056871D /* TheSuperbAppTests */,
				4CDED3102E5E0E790056871D /* TheSuperbAppUITests */,
			);
		};
/* End PBXProject section */

/* Begin PBXResourcesBuildPhase section */
		4CDED2F82E5E0E790056871D /* Resources */ = {
			isa = PBXResourcesBuildPhase;
			buildActionMask = 2147483647;
			files = (
			);
			runOnlyForDeploymentPostprocessing = 0;
		};
		4CDED3052E5E0E790056871D /* Resources */ = {
			isa = PBXResourcesBuildPhase;
			buildActionMask = 2147483647;
			files = (
			);
			runOnlyForDeploymentPostprocessing = 0;
		};
		4CDED30F2E5E0E790056871D /* Resources */ = {
			isa = PBXResourcesBuildPhase;
			buildActionMask = 2147483647;
			files = (
			);
			runOnlyForDeploymentPostprocessing = 0;
		};
/* End PBXResourcesBuildPhase section */

/* Begin PBXSourcesBuildPhase section */
		4CDED2F62E5E0E790056871D /* Sources */ = {
			isa = PBXSourcesBuildPhase;
			buildActionMask = 2147483647;
			files = (
			);
			runOnlyForDeploymentPostprocessing = 0;
		};
		4CDED3032E5E0E790056871D /* Sources */ = {
			isa = PBXSourcesBuildPhase;
			buildActionMask = 2147483647;
			files = (
			);
			runOnlyForDeploymentPostprocessing = 0;
		};
		4CDED30D2E5E0E790056871D /* Sources */ = {
			isa = PBXSourcesBuildPhase;
			buildActionMask = 2147483647;
			files = (
			);
			runOnlyForDeploymentPostprocessing = 0;
		};
/* End PBXSourcesBuildPhase section */

/* Begin PBXTargetDependency section */
		4CDED3092E5E0E790056871D /* PBXTargetDependency */ = {
			isa = PBXTargetDependency;
			target = 4CDED2F92E5E0E790056871D /* TheSuperbApp */;
			targetProxy = 4CDED3082E5E0E790056871D /* PBXContainerItemProxy */;
		};
		4CDED3132E5E0E790056871D /* PBXTargetDependency */ = {
			isa = PBXTargetDependency;
			target = 4CDED2F92E5E0E790056871D /* TheSuperbApp */;
			targetProxy = 4CDED3122E5E0E790056871D /* PBXContainerItemProxy */;
		};
/* End PBXTargetDependency section */

/* Begin XCBuildConfiguration section */
		4CDED3192E5E0E790056871D /* Debug */ = {
			isa = XCBuildConfiguration;
			buildSettings = {
				ALWAYS_SEARCH_USER_PATHS = NO;
				ASSETCATALOG_COMPILER_GENERATE_SWIFT_ASSET_SYMBOL_EXTENSIONS = YES;
				CLANG_ANALYZER_NONNULL = YES;
				CLANG_ANALYZER_NUMBER_OBJECT_CONVERSION = YES_AGGRESSIVE;
				CLANG_CXX_LANGUAGE_STANDARD = "gnu++20";
				CLANG_ENABLE_MODULES = YES;
				CLANG_ENABLE_OBJC_ARC = YES;
				CLANG_ENABLE_OBJC_WEAK = YES;
				CLANG_WARN_BLOCK_CAPTURE_AUTORELEASING = YES;
				CLANG_WARN_BOOL_CONVERSION = YES;
				CLANG_WARN_COMMA = YES;
				CLANG_WARN_CONSTANT_CONVERSION = YES;
				CLANG_WARN_DEPRECATED_OBJC_IMPLEMENTATIONS = YES;
				CLANG_WARN_DIRECT_OBJC_ISA_USAGE = YES_ERROR;
				CLANG_WARN_DOCUMENTATION_COMMENTS = YES;
				CLANG_WARN_EMPTY_BODY = YES;
				CLANG_WARN_ENUM_CONVERSION = YES;
				CLANG_WARN_INFINITE_RECURSION = YES;
				CLANG_WARN_INT_CONVERSION = YES;
				CLANG_WARN_NON_LITERAL_NULL_CONVERSION = YES;
				CLANG_WARN_OBJC_IMPLICIT_RETAIN_SELF = YES;
				CLANG_WARN_OBJC_LITERAL_CONVERSION = YES;
				CLANG_WARN_OBJC_ROOT_CLASS = YES_ERROR;
				CLANG_WARN_QUOTED_INCLUDE_IN_FRAMEWORK_HEADER = YES;
				CLANG_WARN_RANGE_LOOP_ANALYSIS = YES;
				CLANG_WARN_STRICT_PROTOTYPES = YES;
				CLANG_WARN_SUSPICIOUS_MOVE = YES;
				CLANG_WARN_UNGUARDED_AVAILABILITY = YES_AGGRESSIVE;
				CLANG_WARN_UNREACHABLE_CODE = YES;
				CLANG_WARN__DUPLICATE_METHOD_MATCH = YES;
				COPY_PHASE_STRIP = NO;
				DEBUG_INFORMATION_FORMAT = dwarf;
				ENABLE_STRICT_OBJC_MSGSEND = YES;
				ENABLE_TESTABILITY = YES;
				ENABLE_USER_SCRIPT_SANDBOXING = YES;
				GCC_C_LANGUAGE_STANDARD = gnu17;
				GCC_DYNAMIC_NO_PIC = NO;
				GCC_NO_COMMON_BLOCKS = YES;
				GCC_OPTIMIZATION_LEVEL = 0;
				GCC_PREPROCESSOR_DEFINITIONS = (
					"DEBUG=1",
					"$(inherited)",
				);
				GCC_WARN_64_TO_32_BIT_CONVERSION = YES;
				GCC_WARN_ABOUT_RETURN_TYPE = YES_ERROR;
				GCC_WARN_UNDECLARED_SELECTOR = YES;
				GCC_WARN_UNINITIALIZED_AUTOS = YES_AGGRESSIVE;
				GCC_WARN_UNUSED_FUNCTION = YES;
				GCC_WARN_UNUSED_VARIABLE = YES;
				IPHONEOS_DEPLOYMENT_TARGET = 18.5;
				LOCALIZATION_PREFERS_STRING_CATALOGS = YES;
				MTL_ENABLE_DEBUG_INFO = INCLUDE_SOURCE;
				MTL_FAST_MATH = YES;
				ONLY_ACTIVE_ARCH = YES;
				SDKROOT = iphoneos;
				SWIFT_ACTIVE_COMPILATION_CONDITIONS = "DEBUG $(inherited)";
				SWIFT_OPTIMIZATION_LEVEL = "-Onone";
			};
			name = Debug;
		};
		4CDED31A2E5E0E790056871D /* Release */ = {
			isa = XCBuildConfiguration;
			buildSettings = {
				ALWAYS_SEARCH_USER_PATHS = NO;
				ASSETCATALOG_COMPILER_GENERATE_SWIFT_ASSET_SYMBOL_EXTENSIONS = YES;
				CLANG_ANALYZER_NONNULL = YES;
				CLANG_ANALYZER_NUMBER_OBJECT_CONVERSION = YES_AGGRESSIVE;
				CLANG_CXX_LANGUAGE_STANDARD = "gnu++20";
				CLANG_ENABLE_MODULES = YES;
				CLANG_ENABLE_OBJC_ARC = YES;
				CLANG_ENABLE_OBJC_WEAK = YES;
				CLANG_WARN_BLOCK_CAPTURE_AUTORELEASING = YES;
				CLANG_WARN_BOOL_CONVERSION = YES;
				CLANG_WARN_COMMA = YES;
				CLANG_WARN_CONSTANT_CONVERSION = YES;
				CLANG_WARN_DEPRECATED_OBJC_IMPLEMENTATIONS = YES;
				CLANG_WARN_DIRECT_OBJC_ISA_USAGE = YES_ERROR;
				CLANG_WARN_DOCUMENTATION_COMMENTS = YES;
				CLANG_WARN_EMPTY_BODY = YES;
				CLANG_WARN_ENUM_CONVERSION = YES;
				CLANG_WARN_INFINITE_RECURSION = YES;
				CLANG_WARN_INT_CONVERSION = YES;
				CLANG_WARN_NON_LITERAL_NULL_CONVERSION = YES;
				CLANG_WARN_OBJC_IMPLICIT_RETAIN_SELF = YES;
				CLANG_WARN_OBJC_LITERAL_CONVERSION = YES;
				CLANG_WARN_OBJC_ROOT_CLASS = YES_ERROR;
				CLANG_WARN_QUOTED_INCLUDE_IN_FRAMEWORK_HEADER = YES;
				CLANG_WARN_RANGE_LOOP_ANALYSIS = YES;
				CLANG_WARN_STRICT_PROTOTYPES = YES;
				CLANG_WARN_SUSPICIOUS_MOVE = YES;
				CLANG_WARN_UNGUARDED_AVAILABILITY = YES_AGGRESSIVE;
				CLANG_WARN_UNREACHABLE_CODE = YES;
				CLANG_WARN__DUPLICATE_METHOD_MATCH = YES;
				COPY_PHASE_STRIP = NO;
				DEBUG_INFORMATION_FORMAT = "dwarf-with-dsym";
				ENABLE_NS_ASSERTIONS = NO;
				ENABLE_STRICT_OBJC_MSGSEND = YES;
				ENABLE_USER_SCRIPT_SANDBOXING = YES;
				GCC_C_LANGUAGE_STANDARD = gnu17;
				GCC_NO_COMMON_BLOCKS = YES;
				GCC_WARN_64_TO_32_BIT_CONVERSION = YES;
				GCC_WARN_ABOUT_RETURN_TYPE = YES_ERROR;
				GCC_WARN_UNDECLARED_SELECTOR = YES;
				GCC_WARN_UNINITIALIZED_AUTOS = YES_AGGRESSIVE;
				GCC_WARN_UNUSED_FUNCTION = YES;
				GCC_WARN_UNUSED_VARIABLE = YES;
				IPHONEOS_DEPLOYMENT_TARGET = 18.5;
				LOCALIZATION_PREFERS_STRING_CATALOGS = YES;
				MTL_ENABLE_DEBUG_INFO = NO;
				MTL_FAST_MATH = YES;
				SDKROOT = iphoneos;
				SWIFT_COMPILATION_MODE = wholemodule;
				VALIDATE_PRODUCT = YES;
			};
			name = Release;
		};
		4CDED31C2E5E0E790056871D /* Debug */ = {
			isa = XCBuildConfiguration;
			buildSettings = {
				ASSETCATALOG_COMPILER_APPICON_NAME = AppIcon;
				ASSETCATALOG_COMPILER_GLOBAL_ACCENT_COLOR_NAME = AccentColor;
				CODE_SIGN_STYLE = Automatic;
				CURRENT_PROJECT_VERSION = 1;
				ENABLE_PREVIEWS = YES;
				GENERATE_INFOPLIST_FILE = YES;
				INFOPLIST_KEY_UIApplicationSceneManifest_Generation = YES;
				INFOPLIST_KEY_UIApplicationSupportsIndirectInputEvents = YES;
				INFOPLIST_KEY_UILaunchScreen_Generation = YES;
				INFOPLIST_KEY_UISupportedInterfaceOrientations_iPad = "UIInterfaceOrientationPortrait UIInterfaceOrientationPortraitUpsideDown UIInterfaceOrientationLandscapeLeft UIInterfaceOrientationLandscapeRight";
				INFOPLIST_KEY_UISupportedInterfaceOrientations_iPhone = "UIInterfaceOrientationPortrait UIInterfaceOrientationLandscapeLeft UIInterfaceOrientationLandscapeRight";
				LD_RUNPATH_SEARCH_PATHS = (
					"$(inherited)",
					"@executable_path/Frameworks",
				);
				MARKETING_VERSION = 1.0;
				PRODUCT_BUNDLE_IDENTIFIER = vinodbasnure.TheSuperbApp;
				PRODUCT_NAME = "$(TARGET_NAME)";
				SWIFT_EMIT_LOC_STRINGS = YES;
				SWIFT_VERSION = 5.0;
				TARGETED_DEVICE_FAMILY = "1,2";
			};
			name = Debug;
		};
		4CDED31D2E5E0E790056871D /* Release */ = {
			isa = XCBuildConfiguration;
			buildSettings = {
				ASSETCATALOG_COMPILER_APPICON_NAME = AppIcon;
				ASSETCATALOG_COMPILER_GLOBAL_ACCENT_COLOR_NAME = AccentColor;
				CODE_SIGN_STYLE = Automatic;
				CURRENT_PROJECT_VERSION = 1;
				ENABLE_PREVIEWS = YES;
				GENERATE_INFOPLIST_FILE = YES;
				INFOPLIST_KEY_UIApplicationSceneManifest_Generation = YES;
				INFOPLIST_KEY_UIApplicationSupportsIndirectInputEvents = YES;
				INFOPLIST_KEY_UILaunchScreen_Generation = YES;
				INFOPLIST_KEY_UISupportedInterfaceOrientations_iPad = "UIInterfaceOrientationPortrait UIInterfaceOrientationPortraitUpsideDown UIInterfaceOrientationLandscapeLeft UIInterfaceOrientationLandscapeRight";
				INFOPLIST_KEY_UISupportedInterfaceOrientations_iPhone = "UIInterfaceOrientationPortrait UIInterfaceOrientationLandscapeLeft UIInterfaceOrientationLandscapeRight";
				LD_RUNPATH_SEARCH_PATHS = (
					"$(inherited)",
					"@executable_path/Frameworks",
				);
				MARKETING_VERSION = 1.0;
				PRODUCT_BUNDLE_IDENTIFIER = vinodbasnure.TheSuperbApp;
				PRODUCT_NAME = "$(TARGET_NAME)";
				SWIFT_EMIT_LOC_STRINGS = YES;
				SWIFT_VERSION = 5.0;
				TARGETED_DEVICE_FAMILY = "1,2";
			};
			name = Release;
		};
		4CDED31F2E5E0E790056871D /* Debug */ = {
			isa = XCBuildConfiguration;
			buildSettings = {
				BUNDLE_LOADER = "$(TEST_HOST)";
				CODE_SIGN_STYLE = Automatic;
				CURRENT_PROJECT_VERSION = 1;
				GENERATE_INFOPLIST_FILE = YES;
				IPHONEOS_DEPLOYMENT_TARGET = 18.5;
				MARKETING_VERSION = 1.0;
				PRODUCT_BUNDLE_IDENTIFIER = vinodbasnure.TheSuperbAppTests;
				PRODUCT_NAME = "$(TARGET_NAME)";
				SWIFT_EMIT_LOC_STRINGS = NO;
				SWIFT_VERSION = 5.0;
				TARGETED_DEVICE_FAMILY = "1,2";
				TEST_HOST = "$(BUILT_PRODUCTS_DIR)/TheSuperbApp.app/$(BUNDLE_EXECUTABLE_FOLDER_PATH)/TheSuperbApp";
			};
			name = Debug;
		};
		4CDED3202E5E0E790056871D /* Release */ = {
			isa = XCBuildConfiguration;
			buildSettings = {
				BUNDLE_LOADER = "$(TEST_HOST)";
				CODE_SIGN_STYLE = Automatic;
				CURRENT_PROJECT_VERSION = 1;
				GENERATE_INFOPLIST_FILE = YES;
				IPHONEOS_DEPLOYMENT_TARGET = 18.5;
				MARKETING_VERSION = 1.0;
				PRODUCT_BUNDLE_IDENTIFIER = vinodbasnure.TheSuperbAppTests;
				PRODUCT_NAME = "$(TARGET_NAME)";
				SWIFT_EMIT_LOC_STRINGS = NO;
				SWIFT_VERSION = 5.0;
				TARGETED_DEVICE_FAMILY = "1,2";
				TEST_HOST = "$(BUILT_PRODUCTS_DIR)/TheSuperbApp.app/$(BUNDLE_EXECUTABLE_FOLDER_PATH)/TheSuperbApp";
			};
			name = Release;
		};
		4CDED3222E5E0E790056871D /* Debug */ = {
			isa = XCBuildConfiguration;
			buildSettings = {
				CODE_SIGN_STYLE = Automatic;
				CURRENT_PROJECT_VERSION = 1;
				GENERATE_INFOPLIST_FILE = YES;
				MARKETING_VERSION = 1.0;
				PRODUCT_BUNDLE_IDENTIFIER = vinodbasnure.TheSuperbAppUITests;
				PRODUCT_NAME = "$(TARGET_NAME)";
				SWIFT_EMIT_LOC_STRINGS = NO;
				SWIFT_VERSION = 5.0;
				TARGETED_DEVICE_FAMILY = "1,2";
				TEST_TARGET_NAME = TheSuperbApp;
			};
			name = Debug;
		};
		4CDED3232E5E0E790056871D /* Release */ = {
			isa = XCBuildConfiguration;
			buildSettings = {
				CODE_SIGN_STYLE = Automatic;
				CURRENT_PROJECT_VERSION = 1;
				GENERATE_INFOPLIST_FILE = YES;
				MARKETING_VERSION = 1.0;
				PRODUCT_BUNDLE_IDENTIFIER = vinodbasnure.TheSuperbAppUITests;
				PRODUCT_NAME = "$(TARGET_NAME)";
				SWIFT_EMIT_LOC_STRINGS = NO;
				SWIFT_VERSION = 5.0;
				TARGETED_DEVICE_FAMILY = "1,2";
				TEST_TARGET_NAME = TheSuperbApp;
			};
			name = Release;
		};
/* End XCBuildConfiguration section */

/* Begin XCConfigurationList section */
		4CDED2F52E5E0E790056871D /* Build configuration list for PBXProject "TheSuperbApp" */ = {
			isa = XCConfigurationList;
			buildConfigurations = (
				4CDED3192E5E0E790056871D /* Debug */,
				4CDED31A2E5E0E790056871D /* Release */,
			);
			defaultConfigurationIsVisible = 0;
			defaultConfigurationName = Release;
		};
		4CDED31B2E5E0E790056871D /* Build configuration list for PBXNativeTarget "TheSuperbApp" */ = {
			isa = XCConfigurationList;
			buildConfigurations = (
				4CDED31C2E5E0E790056871D /* Debug */,
				4CDED31D2E5E0E790056871D /* Release */,
			);
			defaultConfigurationIsVisible = 0;
			defaultConfigurationName = Release;
		};
		4CDED31E2E5E0E790056871D /* Build configuration list for PBXNativeTarget "TheSuperbAppTests" */ = {
			isa = XCConfigurationList;
			buildConfigurations = (
				4CDED31F2E5E0E790056871D /* Debug */,
				4CDED3202E5E0E790056871D /* Release */,
			);
			defaultConfigurationIsVisible = 0;
			defaultConfigurationName = Release;
		};
		4CDED3212E5E0E790056871D /* Build configuration list for PBXNativeTarget "TheSuperbAppUITests" */ = {
			isa = XCConfigurationList;
			buildConfigurations = (
				4CDED3222E5E0E790056871D /* Debug */,
				4CDED3232E5E0E790056871D /* Release */,
			);
			defaultConfigurationIsVisible = 0;
			defaultConfigurationName = Release;
		};
/* End XCConfigurationList section */
	};
	rootObject = 4CDED2F22E5E0E790056871D /* Project object */;
}
